// !$*UTF8*$!
{
	archiveVersion = 1;
	classes = {
	};
	objectVersion = 46;
	objects = {

/* Begin PBXBuildFile section */
		BBA3F54E1CC35C4E00F0BC9D /* AppDelegate.swift in Sources */ = {isa = PBXBuildFile; fileRef = BBA3F54D1CC35C4E00F0BC9D /* AppDelegate.swift */; };
		BBA3F5501CC35C4E00F0BC9D /* ViewController.swift in Sources */ = {isa = PBXBuildFile; fileRef = BBA3F54F1CC35C4E00F0BC9D /* ViewController.swift */; };
		BBA3F5531CC35C4E00F0BC9D /* Main.storyboard in Resources */ = {isa = PBXBuildFile; fileRef = BBA3F5511CC35C4E00F0BC9D /* Main.storyboard */; };
		BBA3F5551CC35C4E00F0BC9D /* Assets.xcassets in Resources */ = {isa = PBXBuildFile; fileRef = BBA3F5541CC35C4E00F0BC9D /* Assets.xcassets */; };
		BBA3F5581CC35C4E00F0BC9D /* LaunchScreen.storyboard in Resources */ = {isa = PBXBuildFile; fileRef = BBA3F5561CC35C4E00F0BC9D /* LaunchScreen.storyboard */; };
		BBA3F5631CC35C4E00F0BC9D /* DBFMTests.swift in Sources */ = {isa = PBXBuildFile; fileRef = BBA3F5621CC35C4E00F0BC9D /* DBFMTests.swift */; };
		BBA3F56E1CC35C4E00F0BC9D /* DBFMUITests.swift in Sources */ = {isa = PBXBuildFile; fileRef = BBA3F56D1CC35C4E00F0BC9D /* DBFMUITests.swift */; };
/* End PBXBuildFile section */

/* Begin PBXContainerItemProxy section */
		BBA3F55F1CC35C4E00F0BC9D /* PBXContainerItemProxy */ = {
			isa = PBXContainerItemProxy;
			containerPortal = BBA3F5421CC35C4E00F0BC9D /* Project object */;
			proxyType = 1;
			remoteGlobalIDString = BBA3F5491CC35C4E00F0BC9D;
			remoteInfo = DBFM;
		};
		BBA3F56A1CC35C4E00F0BC9D /* PBXContainerItemProxy */ = {
			isa = PBXContainerItemProxy;
			containerPortal = BBA3F5421CC35C4E00F0BC9D /* Project object */;
			proxyType = 1;
			remoteGlobalIDString = BBA3F5491CC35C4E00F0BC9D;
			remoteInfo = DBFM;
		};
/* End PBXContainerItemProxy section */

/* Begin PBXFileReference section */
		BBA3F54A1CC35C4E00F0BC9D /* DBFM.app */ = {isa = PBXFileReference; explicitFileType = wrapper.application; includeInIndex = 0; path = DBFM.app; sourceTree = BUILT_PRODUCTS_DIR; };
		BBA3F54D1CC35C4E00F0BC9D /* AppDelegate.swift */ = {isa = PBXFileReference; lastKnownFileType = sourcecode.swift; path = AppDelegate.swift; sourceTree = "<group>"; };
		BBA3F54F1CC35C4E00F0BC9D /* ViewController.swift */ = {isa = PBXFileReference; lastKnownFileType = sourcecode.swift; path = ViewController.swift; sourceTree = "<group>"; };
		BBA3F5521CC35C4E00F0BC9D /* Base */ = {isa = PBXFileReference; lastKnownFileType = file.storyboard; name = Base; path = Base.lproj/Main.storyboard; sourceTree = "<group>"; };
		BBA3F5541CC35C4E00F0BC9D /* Assets.xcassets */ = {isa = PBXFileReference; lastKnownFileType = folder.assetcatalog; path = Assets.xcassets; sourceTree = "<group>"; };
		BBA3F5571CC35C4E00F0BC9D /* Base */ = {isa = PBXFileReference; lastKnownFileType = file.storyboard; name = Base; path = Base.lproj/LaunchScreen.storyboard; sourceTree = "<group>"; };
		BBA3F5591CC35C4E00F0BC9D /* Info.plist */ = {isa = PBXFileReference; lastKnownFileType = text.plist.xml; path = Info.plist; sourceTree = "<group>"; };
		BBA3F55E1CC35C4E00F0BC9D /* DBFMTests.xctest */ = {isa = PBXFileReference; explicitFileType = wrapper.cfbundle; includeInIndex = 0; path = DBFMTests.xctest; sourceTree = BUILT_PRODUCTS_DIR; };
		BBA3F5621CC35C4E00F0BC9D /* DBFMTests.swift */ = {isa = PBXFileReference; lastKnownFileType = sourcecode.swift; path = DBFMTests.swift; sourceTree = "<group>"; };
		BBA3F5641CC35C4E00F0BC9D /* Info.plist */ = {isa = PBXFileReference; lastKnownFileType = text.plist.xml; path = Info.plist; sourceTree = "<group>"; };
		BBA3F5691CC35C4E00F0BC9D /* DBFMUITests.xctest */ = {isa = PBXFileReference; explicitFileType = wrapper.cfbundle; includeInIndex = 0; path = DBFMUITests.xctest; sourceTree = BUILT_PRODUCTS_DIR; };
		BBA3F56D1CC35C4E00F0BC9D /* DBFMUITests.swift */ = {isa = PBXFileReference; lastKnownFileType = sourcecode.swift; path = DBFMUITests.swift; sourceTree = "<group>"; };
		BBA3F56F1CC35C4E00F0BC9D /* Info.plist */ = {isa = PBXFileReference; lastKnownFileType = text.plist.xml; path = Info.plist; sourceTree = "<group>"; };
/* End PBXFileReference section */

/* Begin PBXFrameworksBuildPhase section */
		BBA3F5471CC35C4E00F0BC9D /* Frameworks */ = {
			isa = PBXFrameworksBuildPhase;
			buildActionMask = 2147483647;
			files = (
			);
			runOnlyForDeploymentPostprocessing = 0;
		};
		BBA3F55B1CC35C4E00F0BC9D /* Frameworks */ = {
			isa = PBXFrameworksBuildPhase;
			buildActionMask = 2147483647;
			files = (
			);
			runOnlyForDeploymentPostprocessing = 0;
		};
		BBA3F5661CC35C4E00F0BC9D /* Frameworks */ = {
			isa = PBXFrameworksBuildPhase;
			buildActionMask = 2147483647;
			files = (
			);
			runOnlyForDeploymentPostprocessing = 0;
		};
/* End PBXFrameworksBuildPhase section */

/* Begin PBXGroup section */
		BBA3F5411CC35C4E00F0BC9D = {
			isa = PBXGroup;
			children = (
				BBA3F54C1CC35C4E00F0BC9D /* DBFM */,
				BBA3F5611CC35C4E00F0BC9D /* DBFMTests */,
				BBA3F56C1CC35C4E00F0BC9D /* DBFMUITests */,
				BBA3F54B1CC35C4E00F0BC9D /* Products */,
			);
			sourceTree = "<group>";
		};
		BBA3F54B1CC35C4E00F0BC9D /* Products */ = {
			isa = PBXGroup;
			children = (
				BBA3F54A1CC35C4E00F0BC9D /* DBFM.app */,
				BBA3F55E1CC35C4E00F0BC9D /* DBFMTests.xctest */,
				BBA3F5691CC35C4E00F0BC9D /* DBFMUITests.xctest */,
			);
			name = Products;
			sourceTree = "<group>";
		};
		BBA3F54C1CC35C4E00F0BC9D /* DBFM */ = {
			isa = PBXGroup;
			children = (
				BBA3F54D1CC35C4E00F0BC9D /* AppDelegate.swift */,
				BBA3F54F1CC35C4E00F0BC9D /* ViewController.swift */,
				BBA3F5511CC35C4E00F0BC9D /* Main.storyboard */,
				BBA3F5541CC35C4E00F0BC9D /* Assets.xcassets */,
				BBA3F5561CC35C4E00F0BC9D /* LaunchScreen.storyboard */,
				BBA3F5591CC35C4E00F0BC9D /* Info.plist */,
			);
			path = DBFM;
			sourceTree = "<group>";
		};
		BBA3F5611CC35C4E00F0BC9D /* DBFMTests */ = {
			isa = PBXGroup;
			children = (
				BBA3F5621CC35C4E00F0BC9D /* DBFMTests.swift */,
				BBA3F5641CC35C4E00F0BC9D /* Info.plist */,
			);
			path = DBFMTests;
			sourceTree = "<group>";
		};
		BBA3F56C1CC35C4E00F0BC9D /* DBFMUITests */ = {
			isa = PBXGroup;
			children = (
				BBA3F56D1CC35C4E00F0BC9D /* DBFMUITests.swift */,
				BBA3F56F1CC35C4E00F0BC9D /* Info.plist */,
			);
			path = DBFMUITests;
			sourceTree = "<group>";
		};
/* End PBXGroup section */

/* Begin PBXNativeTarget section */
		BBA3F5491CC35C4E00F0BC9D /* DBFM */ = {
			isa = PBXNativeTarget;
			buildConfigurationList = BBA3F5721CC35C4E00F0BC9D /* Build configuration list for PBXNativeTarget "DBFM" */;
			buildPhases = (
				BBA3F5461CC35C4E00F0BC9D /* Sources */,
				BBA3F5471CC35C4E00F0BC9D /* Frameworks */,
				BBA3F5481CC35C4E00F0BC9D /* Resources */,
			);
			buildRules = (
			);
			dependencies = (
			);
			name = DBFM;
			productName = DBFM;
			productReference = BBA3F54A1CC35C4E00F0BC9D /* DBFM.app */;
			productType = "com.apple.product-type.application";
		};
		BBA3F55D1CC35C4E00F0BC9D /* DBFMTests */ = {
			isa = PBXNativeTarget;
			buildConfigurationList = BBA3F5751CC35C4E00F0BC9D /* Build configuration list for PBXNativeTarget "DBFMTests" */;
			buildPhases = (
				BBA3F55A1CC35C4E00F0BC9D /* Sources */,
				BBA3F55B1CC35C4E00F0BC9D /* Frameworks */,
				BBA3F55C1CC35C4E00F0BC9D /* Resources */,
			);
			buildRules = (
			);
			dependencies = (
				BBA3F5601CC35C4E00F0BC9D /* PBXTargetDependency */,
			);
			name = DBFMTests;
			productName = DBFMTests;
			productReference = BBA3F55E1CC35C4E00F0BC9D /* DBFMTests.xctest */;
			productType = "com.apple.product-type.bundle.unit-test";
		};
		BBA3F5681CC35C4E00F0BC9D /* DBFMUITests */ = {
			isa = PBXNativeTarget;
			buildConfigurationList = BBA3F5781CC35C4E00F0BC9D /* Build configuration list for PBXNativeTarget "DBFMUITests" */;
			buildPhases = (
				BBA3F5651CC35C4E00F0BC9D /* Sources */,
				BBA3F5661CC35C4E00F0BC9D /* Frameworks */,
				BBA3F5671CC35C4E00F0BC9D /* Resources */,
			);
			buildRules = (
			);
			dependencies = (
				BBA3F56B1CC35C4E00F0BC9D /* PBXTargetDependency */,
			);
			name = DBFMUITests;
			productName = DBFMUITests;
			productReference = BBA3F5691CC35C4E00F0BC9D /* DBFMUITests.xctest */;
			productType = "com.apple.product-type.bundle.ui-testing";
		};
/* End PBXNativeTarget section */

/* Begin PBXProject section */
		BBA3F5421CC35C4E00F0BC9D /* Project object */ = {
			isa = PBXProject;
			attributes = {
				LastSwiftUpdateCheck = 0720;
				LastUpgradeCheck = 0720;
				ORGANIZATIONNAME = ocean.yu;
				TargetAttributes = {
					BBA3F5491CC35C4E00F0BC9D = {
						CreatedOnToolsVersion = 7.2.1;
					};
					BBA3F55D1CC35C4E00F0BC9D = {
						CreatedOnToolsVersion = 7.2.1;
						TestTargetID = BBA3F5491CC35C4E00F0BC9D;
					};
					BBA3F5681CC35C4E00F0BC9D = {
						CreatedOnToolsVersion = 7.2.1;
						TestTargetID = BBA3F5491CC35C4E00F0BC9D;
					};
				};
			};
			buildConfigurationList = BBA3F5451CC35C4E00F0BC9D /* Build configuration list for PBXProject "DBFM" */;
			compatibilityVersion = "Xcode 3.2";
			developmentRegion = English;
			hasScannedForEncodings = 0;
			knownRegions = (
				en,
				Base,
			);
			mainGroup = BBA3F5411CC35C4E00F0BC9D;
			productRefGroup = BBA3F54B1CC35C4E00F0BC9D /* Products */;
			projectDirPath = "";
			projectRoot = "";
			targets = (
				BBA3F5491CC35C4E00F0BC9D /* DBFM */,
				BBA3F55D1CC35C4E00F0BC9D /* DBFMTests */,
				BBA3F5681CC35C4E00F0BC9D /* DBFMUITests */,
			);
		};
/* End PBXProject section */

/* Begin PBXResourcesBuildPhase section */
		BBA3F5481CC35C4E00F0BC9D /* Resources */ = {
			isa = PBXResourcesBuildPhase;
			buildActionMask = 2147483647;
			files = (
				BBA3F5581CC35C4E00F0BC9D /* LaunchScreen.storyboard in Resources */,
				BBA3F5551CC35C4E00F0BC9D /* Assets.xcassets in Resources */,
				BBA3F5531CC35C4E00F0BC9D /* Main.storyboard in Resources */,
			);
			runOnlyForDeploymentPostprocessing = 0;
		};
		BBA3F55C1CC35C4E00F0BC9D /* Resources */ = {
			isa = PBXResourcesBuildPhase;
			buildActionMask = 2147483647;
			files = (
			);
			runOnlyForDeploymentPostprocessing = 0;
		};
		BBA3F5671CC35C4E00F0BC9D /* Resources */ = {
			isa = PBXResourcesBuildPhase;
			buildActionMask = 2147483647;
			files = (
			);
			runOnlyForDeploymentPostprocessing = 0;
		};
/* End PBXResourcesBuildPhase section */

/* Begin PBXSourcesBuildPhase section */
		BBA3F5461CC35C4E00F0BC9D /* Sources */ = {
			isa = PBXSourcesBuildPhase;
			buildActionMask = 2147483647;
			files = (
				BBA3F5501CC35C4E00F0BC9D /* ViewController.swift in Sources */,
				BBA3F54E1CC35C4E00F0BC9D /* AppDelegate.swift in Sources */,
			);
			runOnlyForDeploymentPostprocessing = 0;
		};
		BBA3F55A1CC35C4E00F0BC9D /* Sources */ = {
			isa = PBXSourcesBuildPhase;
			buildActionMask = 2147483647;
			files = (
				BBA3F5631CC35C4E00F0BC9D /* DBFMTests.swift in Sources */,
			);
			runOnlyForDeploymentPostprocessing = 0;
		};
		BBA3F5651CC35C4E00F0BC9D /* Sources */ = {
			isa = PBXSourcesBuildPhase;
			buildActionMask = 2147483647;
			files = (
				BBA3F56E1CC35C4E00F0BC9D /* DBFMUITests.swift in Sources */,
			);
			runOnlyForDeploymentPostprocessing = 0;
		};
/* End PBXSourcesBuildPhase section */

/* Begin PBXTargetDependency section */
		BBA3F5601CC35C4E00F0BC9D /* PBXTargetDependency */ = {
			isa = PBXTargetDependency;
			target = BBA3F5491CC35C4E00F0BC9D /* DBFM */;
			targetProxy = BBA3F55F1CC35C4E00F0BC9D /* PBXContainerItemProxy */;
		};
		BBA3F56B1CC35C4E00F0BC9D /* PBXTargetDependency */ = {
			isa = PBXTargetDependency;
			target = BBA3F5491CC35C4E00F0BC9D /* DBFM */;
			targetProxy = BBA3F56A1CC35C4E00F0BC9D /* PBXContainerItemProxy */;
		};
/* End PBXTargetDependency section */

/* Begin PBXVariantGroup section */
		BBA3F5511CC35C4E00F0BC9D /* Main.storyboard */ = {
			isa = PBXVariantGroup;
			children = (
				BBA3F5521CC35C4E00F0BC9D /* Base */,
			);
			name = Main.storyboard;
			sourceTree = "<group>";
		};
		BBA3F5561CC35C4E00F0BC9D /* LaunchScreen.storyboard */ = {
			isa = PBXVariantGroup;
			children = (
				BBA3F5571CC35C4E00F0BC9D /* Base */,
			);
			name = LaunchScreen.storyboard;
			sourceTree = "<group>";
		};
/* End PBXVariantGroup section */

/* Begin XCBuildConfiguration section */
		BBA3F5701CC35C4E00F0BC9D /* Debug */ = {
			isa = XCBuildConfiguration;
			buildSettings = {
				ALWAYS_SEARCH_USER_PATHS = NO;
				CLANG_CXX_LANGUAGE_STANDARD = "gnu++0x";
				CLANG_CXX_LIBRARY = "libc++";
				CLANG_ENABLE_MODULES = YES;
				CLANG_ENABLE_OBJC_ARC = YES;
				CLANG_WARN_BOOL_CONVERSION = YES;
				CLANG_WARN_CONSTANT_CONVERSION = YES;
				CLANG_WARN_DIRECT_OBJC_ISA_USAGE = YES_ERROR;
				CLANG_WARN_EMPTY_BODY = YES;
				CLANG_WARN_ENUM_CONVERSION = YES;
				CLANG_WARN_INT_CONVERSION = YES;
				CLANG_WARN_OBJC_ROOT_CLASS = YES_ERROR;
				CLANG_WARN_UNREACHABLE_CODE = YES;
				CLANG_WARN__DUPLICATE_METHOD_MATCH = YES;
				"CODE_SIGN_IDENTITY[sdk=iphoneos*]" = "iPhone Developer";
				COPY_PHASE_STRIP = NO;
				DEBUG_INFORMATION_FORMAT = dwarf;
				ENABLE_STRICT_OBJC_MSGSEND = YES;
				ENABLE_TESTABILITY = YES;
				GCC_C_LANGUAGE_STANDARD = gnu99;
				GCC_DYNAMIC_NO_PIC = NO;
				GCC_NO_COMMON_BLOCKS = YES;
				GCC_OPTIMIZATION_LEVEL = 0;
				GCC_PREPROCESSOR_DEFINITIONS = (
					"DEBUG=1",
					"$(inherited)",
				);
				GCC_WARN_64_TO_32_BIT_CONVERSION = YES;
				GCC_WARN_ABOUT_RETURN_TYPE = YES_ERROR;
				GCC_WARN_UNDECLARED_SELECTOR = YES;
				GCC_WARN_UNINITIALIZED_AUTOS = YES_AGGRESSIVE;
				GCC_WARN_UNUSED_FUNCTION = YES;
				GCC_WARN_UNUSED_VARIABLE = YES;
				IPHONEOS_DEPLOYMENT_TARGET = 9.2;
				MTL_ENABLE_DEBUG_INFO = YES;
				ONLY_ACTIVE_ARCH = YES;
				SDKROOT = iphoneos;
				SWIFT_OPTIMIZATION_LEVEL = "-Onone";
			};
			name = Debug;
		};
		BBA3F5711CC35C4E00F0BC9D /* Release */ = {
			isa = XCBuildConfiguration;
			buildSettings = {
				ALWAYS_SEARCH_USER_PATHS = NO;
				CLANG_CXX_LANGUAGE_STANDARD = "gnu++0x";
				CLANG_CXX_LIBRARY = "libc++";
				CLANG_ENABLE_MODULES = YES;
				CLANG_ENABLE_OBJC_ARC = YES;
				CLANG_WARN_BOOL_CONVERSION = YES;
				CLANG_WARN_CONSTANT_CONVERSION = YES;
				CLANG_WARN_DIRECT_OBJC_ISA_USAGE = YES_ERROR;
				CLANG_WARN_EMPTY_BODY = YES;
				CLANG_WARN_ENUM_CONVERSION = YES;
				CLANG_WARN_INT_CONVERSION = YES;
				CLANG_WARN_OBJC_ROOT_CLASS = YES_ERROR;
				CLANG_WARN_UNREACHABLE_CODE = YES;
				CLANG_WARN__DUPLICATE_METHOD_MATCH = YES;
				"CODE_SIGN_IDENTITY[sdk=iphoneos*]" = "iPhone Developer";
				COPY_PHASE_STRIP = NO;
				DEBUG_INFORMATION_FORMAT = "dwarf-with-dsym";
				ENABLE_NS_ASSERTIONS = NO;
				ENABLE_STRICT_OBJC_MSGSEND = YES;
				GCC_C_LANGUAGE_STANDARD = gnu99;
				GCC_NO_COMMON_BLOCKS = YES;
				GCC_WARN_64_TO_32_BIT_CONVERSION = YES;
				GCC_WARN_ABOUT_RETURN_TYPE = YES_ERROR;
				GCC_WARN_UNDECLARED_SELECTOR = YES;
				GCC_WARN_UNINITIALIZED_AUTOS = YES_AGGRESSIVE;
				GCC_WARN_UNUSED_FUNCTION = YES;
				GCC_WARN_UNUSED_VARIABLE = YES;
				IPHONEOS_DEPLOYMENT_TARGET = 9.2;
				MTL_ENABLE_DEBUG_INFO = NO;
				SDKROOT = iphoneos;
				VALIDATE_PRODUCT = YES;
			};
			name = Release;
		};
		BBA3F5731CC35C4E00F0BC9D /* Debug */ = {
			isa = XCBuildConfiguration;
			buildSettings = {
				ASSETCATALOG_COMPILER_APPICON_NAME = AppIcon;
				INFOPLIST_FILE = DBFM/Info.plist;
				LD_RUNPATH_SEARCH_PATHS = "$(inherited) @executable_path/Frameworks";
				PRODUCT_BUNDLE_IDENTIFIER = oceanyu.DBFM;
				PRODUCT_NAME = "$(TARGET_NAME)";
			};
			name = Debug;
		};
		BBA3F5741CC35C4E00F0BC9D /* Release */ = {
			isa = XCBuildConfiguration;
			buildSettings = {
				ASSETCATALOG_COMPILER_APPICON_NAME = AppIcon;
				INFOPLIST_FILE = DBFM/Info.plist;
				LD_RUNPATH_SEARCH_PATHS = "$(inherited) @executable_path/Frameworks";
				PRODUCT_BUNDLE_IDENTIFIER = oceanyu.DBFM;
				PRODUCT_NAME = "$(TARGET_NAME)";
			};
			name = Release;
		};
		BBA3F5761CC35C4E00F0BC9D /* Debug */ = {
			isa = XCBuildConfiguration;
			buildSettings = {
				BUNDLE_LOADER = "$(TEST_HOST)";
				INFOPLIST_FILE = DBFMTests/Info.plist;
				LD_RUNPATH_SEARCH_PATHS = "$(inherited) @executable_path/Frameworks @loader_path/Frameworks";
				PRODUCT_BUNDLE_IDENTIFIER = oceanyu.DBFMTests;
				PRODUCT_NAME = "$(TARGET_NAME)";
				TEST_HOST = "$(BUILT_PRODUCTS_DIR)/DBFM.app/DBFM";
			};
			name = Debug;
		};
		BBA3F5771CC35C4E00F0BC9D /* Release */ = {
			isa = XCBuildConfiguration;
			buildSettings = {
				BUNDLE_LOADER = "$(TEST_HOST)";
				INFOPLIST_FILE = DBFMTests/Info.plist;
				LD_RUNPATH_SEARCH_PATHS = "$(inherited) @executable_path/Frameworks @loader_path/Frameworks";
				PRODUCT_BUNDLE_IDENTIFIER = oceanyu.DBFMTests;
				PRODUCT_NAME = "$(TARGET_NAME)";
				TEST_HOST = "$(BUILT_PRODUCTS_DIR)/DBFM.app/DBFM";
			};
			name = Release;
		};
		BBA3F5791CC35C4E00F0BC9D /* Debug */ = {
			isa = XCBuildConfiguration;
			buildSettings = {
				INFOPLIST_FILE = DBFMUITests/Info.plist;
				LD_RUNPATH_SEARCH_PATHS = "$(inherited) @executable_path/Frameworks @loader_path/Frameworks";
				PRODUCT_BUNDLE_IDENTIFIER = oceanyu.DBFMUITests;
				PRODUCT_NAME = "$(TARGET_NAME)";
				TEST_TARGET_NAME = DBFM;
				USES_XCTRUNNER = YES;
			};
			name = Debug;
		};
		BBA3F57A1CC35C4E00F0BC9D /* Release */ = {
			isa = XCBuildConfiguration;
			buildSettings = {
				INFOPLIST_FILE = DBFMUITests/Info.plist;
				LD_RUNPATH_SEARCH_PATHS = "$(inherited) @executable_path/Frameworks @loader_path/Frameworks";
				PRODUCT_BUNDLE_IDENTIFIER = oceanyu.DBFMUITests;
				PRODUCT_NAME = "$(TARGET_NAME)";
				TEST_TARGET_NAME = DBFM;
				USES_XCTRUNNER = YES;
			};
			name = Release;
		};
/* End XCBuildConfiguration section */

/* Begin XCConfigurationList section */
		BBA3F5451CC35C4E00F0BC9D /* Build configuration list for PBXProject "DBFM" */ = {
			isa = XCConfigurationList;
			buildConfigurations = (
				BBA3F5701CC35C4E00F0BC9D /* Debug */,
				BBA3F5711CC35C4E00F0BC9D /* Release */,
			);
			defaultConfigurationIsVisible = 0;
			defaultConfigurationName = Release;
		};
		BBA3F5721CC35C4E00F0BC9D /* Build configuration list for PBXNativeTarget "DBFM" */ = {
			isa = XCConfigurationList;
			buildConfigurations = (
				BBA3F5731CC35C4E00F0BC9D /* Debug */,
				BBA3F5741CC35C4E00F0BC9D /* Release */,
			);
			defaultConfigurationIsVisible = 0;
		};
		BBA3F5751CC35C4E00F0BC9D /* Build configuration list for PBXNativeTarget "DBFMTests" */ = {
			isa = XCConfigurationList;
			buildConfigurations = (
				BBA3F5761CC35C4E00F0BC9D /* Debug */,
				BBA3F5771CC35C4E00F0BC9D /* Release */,
			);
			defaultConfigurationIsVisible = 0;
		};
		BBA3F5781CC35C4E00F0BC9D /* Build configuration list for PBXNativeTarget "DBFMUITests" */ = {
			isa = XCConfigurationList;
			buildConfigurations = (
				BBA3F5791CC35C4E00F0BC9D /* Debug */,
				BBA3F57A1CC35C4E00F0BC9D /* Release */,
			);
			defaultConfigurationIsVisible = 0;
		};
/* End XCConfigurationList section */
	};
	rootObject = BBA3F5421CC35C4E00F0BC9D /* Project object */;
}
